// !$*UTF8*$!
{
	archiveVersion = 1;
	classes = {
	};
	objectVersion = 56;
	objects = {

/* Begin PBXBuildFile section */
		8D1AEF8A2A658E67008D951A /* ScrumdingerApp.swift in Sources */ = {isa = PBXBuildFile; fileRef = 8D1AEF892A658E67008D951A /* ScrumdingerApp.swift */; };
		8D1AEF8C2A658E67008D951A /* MeetingView.swift in Sources */ = {isa = PBXBuildFile; fileRef = 8D1AEF8B2A658E67008D951A /* MeetingView.swift */; };
		8D1AEF8E2A658E68008D951A /* Assets.xcassets in Resources */ = {isa = PBXBuildFile; fileRef = 8D1AEF8D2A658E68008D951A /* Assets.xcassets */; };
		8D1AEF912A658E68008D951A /* Preview Assets.xcassets in Resources */ = {isa = PBXBuildFile; fileRef = 8D1AEF902A658E68008D951A /* Preview Assets.xcassets */; };
		8D1AEF9B2A658E68008D951A /* ScrumdingerTests.swift in Sources */ = {isa = PBXBuildFile; fileRef = 8D1AEF9A2A658E68008D951A /* ScrumdingerTests.swift */; };
		8D1AEFA52A658E68008D951A /* ScrumdingerUITests.swift in Sources */ = {isa = PBXBuildFile; fileRef = 8D1AEFA42A658E68008D951A /* ScrumdingerUITests.swift */; };
		8D1AEFA72A658E68008D951A /* ScrumdingerUITestsLaunchTests.swift in Sources */ = {isa = PBXBuildFile; fileRef = 8D1AEFA62A658E68008D951A /* ScrumdingerUITestsLaunchTests.swift */; };
		8D1AEFB52A666F30008D951A /* Theme.swift in Sources */ = {isa = PBXBuildFile; fileRef = 8D1AEFB42A666F30008D951A /* Theme.swift */; };
		8D1AEFB92A666FA0008D951A /* DailyScrum.swift in Sources */ = {isa = PBXBuildFile; fileRef = 8D1AEFB82A666FA0008D951A /* DailyScrum.swift */; };
		8D1AEFBB2A66753A008D951A /* CardView.swift in Sources */ = {isa = PBXBuildFile; fileRef = 8D1AEFBA2A66753A008D951A /* CardView.swift */; };
		8D1AEFBD2A668492008D951A /* TrailingIconLabelStyle.swift in Sources */ = {isa = PBXBuildFile; fileRef = 8D1AEFBC2A668492008D951A /* TrailingIconLabelStyle.swift */; };
		8D1AEFBF2A669BA8008D951A /* ScrumsView.swift in Sources */ = {isa = PBXBuildFile; fileRef = 8D1AEFBE2A669BA8008D951A /* ScrumsView.swift */; };
		8D1AEFC12A66CA28008D951A /* DetailView.swift in Sources */ = {isa = PBXBuildFile; fileRef = 8D1AEFC02A66CA28008D951A /* DetailView.swift */; };
/* End PBXBuildFile section */

/* Begin PBXContainerItemProxy section */
		8D1AEF972A658E68008D951A /* PBXContainerItemProxy */ = {
			isa = PBXContainerItemProxy;
			containerPortal = 8D1AEF7E2A658E67008D951A /* Project object */;
			proxyType = 1;
			remoteGlobalIDString = 8D1AEF852A658E67008D951A;
			remoteInfo = Scrumdinger;
		};
		8D1AEFA12A658E68008D951A /* PBXContainerItemProxy */ = {
			isa = PBXContainerItemProxy;
			containerPortal = 8D1AEF7E2A658E67008D951A /* Project object */;
			proxyType = 1;
			remoteGlobalIDString = 8D1AEF852A658E67008D951A;
			remoteInfo = Scrumdinger;
		};
/* End PBXContainerItemProxy section */

/* Begin PBXFileReference section */
		8D1AEF862A658E67008D951A /* Scrumdinger.app */ = {isa = PBXFileReference; explicitFileType = wrapper.application; includeInIndex = 0; path = Scrumdinger.app; sourceTree = BUILT_PRODUCTS_DIR; };
		8D1AEF892A658E67008D951A /* ScrumdingerApp.swift */ = {isa = PBXFileReference; lastKnownFileType = sourcecode.swift; path = ScrumdingerApp.swift; sourceTree = "<group>"; };
		8D1AEF8B2A658E67008D951A /* MeetingView.swift */ = {isa = PBXFileReference; lastKnownFileType = sourcecode.swift; path = MeetingView.swift; sourceTree = "<group>"; };
		8D1AEF8D2A658E68008D951A /* Assets.xcassets */ = {isa = PBXFileReference; lastKnownFileType = folder.assetcatalog; path = Assets.xcassets; sourceTree = "<group>"; };
		8D1AEF902A658E68008D951A /* Preview Assets.xcassets */ = {isa = PBXFileReference; lastKnownFileType = folder.assetcatalog; path = "Preview Assets.xcassets"; sourceTree = "<group>"; };
		8D1AEF962A658E68008D951A /* ScrumdingerTests.xctest */ = {isa = PBXFileReference; explicitFileType = wrapper.cfbundle; includeInIndex = 0; path = ScrumdingerTests.xctest; sourceTree = BUILT_PRODUCTS_DIR; };
		8D1AEF9A2A658E68008D951A /* ScrumdingerTests.swift */ = {isa = PBXFileReference; lastKnownFileType = sourcecode.swift; path = ScrumdingerTests.swift; sourceTree = "<group>"; };
		8D1AEFA02A658E68008D951A /* ScrumdingerUITests.xctest */ = {isa = PBXFileReference; explicitFileType = wrapper.cfbundle; includeInIndex = 0; path = ScrumdingerUITests.xctest; sourceTree = BUILT_PRODUCTS_DIR; };
		8D1AEFA42A658E68008D951A /* ScrumdingerUITests.swift */ = {isa = PBXFileReference; lastKnownFileType = sourcecode.swift; path = ScrumdingerUITests.swift; sourceTree = "<group>"; };
		8D1AEFA62A658E68008D951A /* ScrumdingerUITestsLaunchTests.swift */ = {isa = PBXFileReference; lastKnownFileType = sourcecode.swift; path = ScrumdingerUITestsLaunchTests.swift; sourceTree = "<group>"; };
		8D1AEFB42A666F30008D951A /* Theme.swift */ = {isa = PBXFileReference; lastKnownFileType = sourcecode.swift; path = Theme.swift; sourceTree = "<group>"; };
		8D1AEFB82A666FA0008D951A /* DailyScrum.swift */ = {isa = PBXFileReference; lastKnownFileType = sourcecode.swift; path = DailyScrum.swift; sourceTree = "<group>"; };
		8D1AEFBA2A66753A008D951A /* CardView.swift */ = {isa = PBXFileReference; lastKnownFileType = sourcecode.swift; path = CardView.swift; sourceTree = "<group>"; };
		8D1AEFBC2A668492008D951A /* TrailingIconLabelStyle.swift */ = {isa = PBXFileReference; lastKnownFileType = sourcecode.swift; path = TrailingIconLabelStyle.swift; sourceTree = "<group>"; };
		8D1AEFBE2A669BA8008D951A /* ScrumsView.swift */ = {isa = PBXFileReference; lastKnownFileType = sourcecode.swift; path = ScrumsView.swift; sourceTree = "<group>"; };
		8D1AEFC02A66CA28008D951A /* DetailView.swift */ = {isa = PBXFileReference; lastKnownFileType = sourcecode.swift; path = DetailView.swift; sourceTree = "<group>"; };
/* End PBXFileReference section */

/* Begin PBXFrameworksBuildPhase section */
		8D1AEF832A658E67008D951A /* Frameworks */ = {
			isa = PBXFrameworksBuildPhase;
			buildActionMask = 2147483647;
			files = (
			);
			runOnlyForDeploymentPostprocessing = 0;
		};
		8D1AEF932A658E68008D951A /* Frameworks */ = {
			isa = PBXFrameworksBuildPhase;
			buildActionMask = 2147483647;
			files = (
			);
			runOnlyForDeploymentPostprocessing = 0;
		};
		8D1AEF9D2A658E68008D951A /* Frameworks */ = {
			isa = PBXFrameworksBuildPhase;
			buildActionMask = 2147483647;
			files = (
			);
			runOnlyForDeploymentPostprocessing = 0;
		};
/* End PBXFrameworksBuildPhase section */

/* Begin PBXGroup section */
		8D1AEF7D2A658E67008D951A = {
			isa = PBXGroup;
			children = (
				8D1AEFBA2A66753A008D951A /* CardView.swift */,
				8D1AEFBE2A669BA8008D951A /* ScrumsView.swift */,
				8D1AEFBC2A668492008D951A /* TrailingIconLabelStyle.swift */,
				8D1AEFB42A666F30008D951A /* Theme.swift */,
				8D1AEFB62A666F79008D951A /* Models */,
				8D1AEF882A658E67008D951A /* Scrumdinger */,
				8D1AEF992A658E68008D951A /* ScrumdingerTests */,
				8D1AEFA32A658E68008D951A /* ScrumdingerUITests */,
				8D1AEF872A658E67008D951A /* Products */,
			);
			sourceTree = "<group>";
		};
		8D1AEF872A658E67008D951A /* Products */ = {
			isa = PBXGroup;
			children = (
				8D1AEF862A658E67008D951A /* Scrumdinger.app */,
				8D1AEF962A658E68008D951A /* ScrumdingerTests.xctest */,
				8D1AEFA02A658E68008D951A /* ScrumdingerUITests.xctest */,
			);
			name = Products;
			sourceTree = "<group>";
		};
		8D1AEF882A658E67008D951A /* Scrumdinger */ = {
			isa = PBXGroup;
			children = (
				8D1AEF892A658E67008D951A /* ScrumdingerApp.swift */,
				8D1AEF8B2A658E67008D951A /* MeetingView.swift */,
				8D1AEF8D2A658E68008D951A /* Assets.xcassets */,
				8D1AEF8F2A658E68008D951A /* Preview Content */,
				8D1AEFC02A66CA28008D951A /* DetailView.swift */,
			);
			path = Scrumdinger;
			sourceTree = "<group>";
		};
		8D1AEF8F2A658E68008D951A /* Preview Content */ = {
			isa = PBXGroup;
			children = (
				8D1AEF902A658E68008D951A /* Preview Assets.xcassets */,
			);
			path = "Preview Content";
			sourceTree = "<group>";
		};
		8D1AEF992A658E68008D951A /* ScrumdingerTests */ = {
			isa = PBXGroup;
			children = (
				8D1AEF9A2A658E68008D951A /* ScrumdingerTests.swift */,
			);
			path = ScrumdingerTests;
			sourceTree = "<group>";
		};
		8D1AEFA32A658E68008D951A /* ScrumdingerUITests */ = {
			isa = PBXGroup;
			children = (
				8D1AEFA42A658E68008D951A /* ScrumdingerUITests.swift */,
				8D1AEFA62A658E68008D951A /* ScrumdingerUITestsLaunchTests.swift */,
			);
			path = ScrumdingerUITests;
			sourceTree = "<group>";
		};
		8D1AEFB62A666F79008D951A /* Models */ = {
			isa = PBXGroup;
			children = (
				8D1AEFB82A666FA0008D951A /* DailyScrum.swift */,
			);
			path = Models;
			sourceTree = "<group>";
		};
/* End PBXGroup section */

/* Begin PBXNativeTarget section */
		8D1AEF852A658E67008D951A /* Scrumdinger */ = {
			isa = PBXNativeTarget;
			buildConfigurationList = 8D1AEFAA2A658E68008D951A /* Build configuration list for PBXNativeTarget "Scrumdinger" */;
			buildPhases = (
				8D1AEF822A658E67008D951A /* Sources */,
				8D1AEF832A658E67008D951A /* Frameworks */,
				8D1AEF842A658E67008D951A /* Resources */,
			);
			buildRules = (
			);
			dependencies = (
			);
			name = Scrumdinger;
			productName = Scrumdinger;
			productReference = 8D1AEF862A658E67008D951A /* Scrumdinger.app */;
			productType = "com.apple.product-type.application";
		};
		8D1AEF952A658E68008D951A /* ScrumdingerTests */ = {
			isa = PBXNativeTarget;
			buildConfigurationList = 8D1AEFAD2A658E68008D951A /* Build configuration list for PBXNativeTarget "ScrumdingerTests" */;
			buildPhases = (
				8D1AEF922A658E68008D951A /* Sources */,
				8D1AEF932A658E68008D951A /* Frameworks */,
				8D1AEF942A658E68008D951A /* Resources */,
			);
			buildRules = (
			);
			dependencies = (
				8D1AEF982A658E68008D951A /* PBXTargetDependency */,
			);
			name = ScrumdingerTests;
			productName = ScrumdingerTests;
			productReference = 8D1AEF962A658E68008D951A /* ScrumdingerTests.xctest */;
			productType = "com.apple.product-type.bundle.unit-test";
		};
		8D1AEF9F2A658E68008D951A /* ScrumdingerUITests */ = {
			isa = PBXNativeTarget;
			buildConfigurationList = 8D1AEFB02A658E68008D951A /* Build configuration list for PBXNativeTarget "ScrumdingerUITests" */;
			buildPhases = (
				8D1AEF9C2A658E68008D951A /* Sources */,
				8D1AEF9D2A658E68008D951A /* Frameworks */,
				8D1AEF9E2A658E68008D951A /* Resources */,
			);
			buildRules = (
			);
			dependencies = (
				8D1AEFA22A658E68008D951A /* PBXTargetDependency */,
			);
			name = ScrumdingerUITests;
			productName = ScrumdingerUITests;
			productReference = 8D1AEFA02A658E68008D951A /* ScrumdingerUITests.xctest */;
			productType = "com.apple.product-type.bundle.ui-testing";
		};
/* End PBXNativeTarget section */

/* Begin PBXProject section */
		8D1AEF7E2A658E67008D951A /* Project object */ = {
			isa = PBXProject;
			attributes = {
				BuildIndependentTargetsInParallel = 1;
				LastSwiftUpdateCheck = 1430;
				LastUpgradeCheck = 1430;
				TargetAttributes = {
					8D1AEF852A658E67008D951A = {
						CreatedOnToolsVersion = 14.3.1;
					};
					8D1AEF952A658E68008D951A = {
						CreatedOnToolsVersion = 14.3.1;
						TestTargetID = 8D1AEF852A658E67008D951A;
					};
					8D1AEF9F2A658E68008D951A = {
						CreatedOnToolsVersion = 14.3.1;
						TestTargetID = 8D1AEF852A658E67008D951A;
					};
				};
			};
			buildConfigurationList = 8D1AEF812A658E67008D951A /* Build configuration list for PBXProject "Scrumdinger" */;
			compatibilityVersion = "Xcode 14.0";
			developmentRegion = en;
			hasScannedForEncodings = 0;
			knownRegions = (
				en,
				Base,
			);
			mainGroup = 8D1AEF7D2A658E67008D951A;
			productRefGroup = 8D1AEF872A658E67008D951A /* Products */;
			projectDirPath = "";
			projectRoot = "";
			targets = (
				8D1AEF852A658E67008D951A /* Scrumdinger */,
				8D1AEF952A658E68008D951A /* ScrumdingerTests */,
				8D1AEF9F2A658E68008D951A /* ScrumdingerUITests */,
			);
		};
/* End PBXProject section */

/* Begin PBXResourcesBuildPhase section */
		8D1AEF842A658E67008D951A /* Resources */ = {
			isa = PBXResourcesBuildPhase;
			buildActionMask = 2147483647;
			files = (
				8D1AEF912A658E68008D951A /* Preview Assets.xcassets in Resources */,
				8D1AEF8E2A658E68008D951A /* Assets.xcassets in Resources */,
			);
			runOnlyForDeploymentPostprocessing = 0;
		};
		8D1AEF942A658E68008D951A /* Resources */ = {
			isa = PBXResourcesBuildPhase;
			buildActionMask = 2147483647;
			files = (
			);
			runOnlyForDeploymentPostprocessing = 0;
		};
		8D1AEF9E2A658E68008D951A /* Resources */ = {
			isa = PBXResourcesBuildPhase;
			buildActionMask = 2147483647;
			files = (
			);
			runOnlyForDeploymentPostprocessing = 0;
		};
/* End PBXResourcesBuildPhase section */

/* Begin PBXSourcesBuildPhase section */
		8D1AEF822A658E67008D951A /* Sources */ = {
			isa = PBXSourcesBuildPhase;
			buildActionMask = 2147483647;
			files = (
				8D1AEFB92A666FA0008D951A /* DailyScrum.swift in Sources */,
				8D1AEFC12A66CA28008D951A /* DetailView.swift in Sources */,
				8D1AEFBD2A668492008D951A /* TrailingIconLabelStyle.swift in Sources */,
				8D1AEFB52A666F30008D951A /* Theme.swift in Sources */,
				8D1AEFBF2A669BA8008D951A /* ScrumsView.swift in Sources */,
				8D1AEF8C2A658E67008D951A /* MeetingView.swift in Sources */,
				8D1AEF8A2A658E67008D951A /* ScrumdingerApp.swift in Sources */,
				8D1AEFBB2A66753A008D951A /* CardView.swift in Sources */,
			);
			runOnlyForDeploymentPostprocessing = 0;
		};
		8D1AEF922A658E68008D951A /* Sources */ = {
			isa = PBXSourcesBuildPhase;
			buildActionMask = 2147483647;
			files = (
				8D1AEF9B2A658E68008D951A /* ScrumdingerTests.swift in Sources */,
			);
			runOnlyForDeploymentPostprocessing = 0;
		};
		8D1AEF9C2A658E68008D951A /* Sources */ = {
			isa = PBXSourcesBuildPhase;
			buildActionMask = 2147483647;
			files = (
				8D1AEFA72A658E68008D951A /* ScrumdingerUITestsLaunchTests.swift in Sources */,
				8D1AEFA52A658E68008D951A /* ScrumdingerUITests.swift in Sources */,
			);
			runOnlyForDeploymentPostprocessing = 0;
		};
/* End PBXSourcesBuildPhase section */

/* Begin PBXTargetDependency section */
		8D1AEF982A658E68008D951A /* PBXTargetDependency */ = {
			isa = PBXTargetDependency;
			target = 8D1AEF852A658E67008D951A /* Scrumdinger */;
			targetProxy = 8D1AEF972A658E68008D951A /* PBXContainerItemProxy */;
		};
		8D1AEFA22A658E68008D951A /* PBXTargetDependency */ = {
			isa = PBXTargetDependency;
			target = 8D1AEF852A658E67008D951A /* Scrumdinger */;
			targetProxy = 8D1AEFA12A658E68008D951A /* PBXContainerItemProxy */;
		};
/* End PBXTargetDependency section */

/* Begin XCBuildConfiguration section */
		8D1AEFA82A658E68008D951A /* Debug */ = {
			isa = XCBuildConfiguration;
			buildSettings = {
				ALWAYS_SEARCH_USER_PATHS = NO;
				CLANG_ANALYZER_NONNULL = YES;
				CLANG_ANALYZER_NUMBER_OBJECT_CONVERSION = YES_AGGRESSIVE;
				CLANG_CXX_LANGUAGE_STANDARD = "gnu++20";
				CLANG_ENABLE_MODULES = YES;
				CLANG_ENABLE_OBJC_ARC = YES;
				CLANG_ENABLE_OBJC_WEAK = YES;
				CLANG_WARN_BLOCK_CAPTURE_AUTORELEASING = YES;
				CLANG_WARN_BOOL_CONVERSION = YES;
				CLANG_WARN_COMMA = YES;
				CLANG_WARN_CONSTANT_CONVERSION = YES;
				CLANG_WARN_DEPRECATED_OBJC_IMPLEMENTATIONS = YES;
				CLANG_WARN_DIRECT_OBJC_ISA_USAGE = YES_ERROR;
				CLANG_WARN_DOCUMENTATION_COMMENTS = YES;
				CLANG_WARN_EMPTY_BODY = YES;
				CLANG_WARN_ENUM_CONVERSION = YES;
				CLANG_WARN_INFINITE_RECURSION = YES;
				CLANG_WARN_INT_CONVERSION = YES;
				CLANG_WARN_NON_LITERAL_NULL_CONVERSION = YES;
				CLANG_WARN_OBJC_IMPLICIT_RETAIN_SELF = YES;
				CLANG_WARN_OBJC_LITERAL_CONVERSION = YES;
				CLANG_WARN_OBJC_ROOT_CLASS = YES_ERROR;
				CLANG_WARN_QUOTED_INCLUDE_IN_FRAMEWORK_HEADER = YES;
				CLANG_WARN_RANGE_LOOP_ANALYSIS = YES;
				CLANG_WARN_STRICT_PROTOTYPES = YES;
				CLANG_WARN_SUSPICIOUS_MOVE = YES;
				CLANG_WARN_UNGUARDED_AVAILABILITY = YES_AGGRESSIVE;
				CLANG_WARN_UNREACHABLE_CODE = YES;
				CLANG_WARN__DUPLICATE_METHOD_MATCH = YES;
				COPY_PHASE_STRIP = NO;
				DEBUG_INFORMATION_FORMAT = dwarf;
				ENABLE_STRICT_OBJC_MSGSEND = YES;
				ENABLE_TESTABILITY = YES;
				GCC_C_LANGUAGE_STANDARD = gnu11;
				GCC_DYNAMIC_NO_PIC = NO;
				GCC_NO_COMMON_BLOCKS = YES;
				GCC_OPTIMIZATION_LEVEL = 0;
				GCC_PREPROCESSOR_DEFINITIONS = (
					"DEBUG=1",
					"$(inherited)",
				);
				GCC_WARN_64_TO_32_BIT_CONVERSION = YES;
				GCC_WARN_ABOUT_RETURN_TYPE = YES_ERROR;
				GCC_WARN_UNDECLARED_SELECTOR = YES;
				GCC_WARN_UNINITIALIZED_AUTOS = YES_AGGRESSIVE;
				GCC_WARN_UNUSED_FUNCTION = YES;
				GCC_WARN_UNUSED_VARIABLE = YES;
				IPHONEOS_DEPLOYMENT_TARGET = 16.4;
				MTL_ENABLE_DEBUG_INFO = INCLUDE_SOURCE;
				MTL_FAST_MATH = YES;
				ONLY_ACTIVE_ARCH = YES;
				SDKROOT = iphoneos;
				SWIFT_ACTIVE_COMPILATION_CONDITIONS = DEBUG;
				SWIFT_OPTIMIZATION_LEVEL = "-Onone";
			};
			name = Debug;
		};
		8D1AEFA92A658E68008D951A /* Release */ = {
			isa = XCBuildConfiguration;
			buildSettings = {
				ALWAYS_SEARCH_USER_PATHS = NO;
				CLANG_ANALYZER_NONNULL = YES;
				CLANG_ANALYZER_NUMBER_OBJECT_CONVERSION = YES_AGGRESSIVE;
				CLANG_CXX_LANGUAGE_STANDARD = "gnu++20";
				CLANG_ENABLE_MODULES = YES;
				CLANG_ENABLE_OBJC_ARC = YES;
				CLANG_ENABLE_OBJC_WEAK = YES;
				CLANG_WARN_BLOCK_CAPTURE_AUTORELEASING = YES;
				CLANG_WARN_BOOL_CONVERSION = YES;
				CLANG_WARN_COMMA = YES;
				CLANG_WARN_CONSTANT_CONVERSION = YES;
				CLANG_WARN_DEPRECATED_OBJC_IMPLEMENTATIONS = YES;
				CLANG_WARN_DIRECT_OBJC_ISA_USAGE = YES_ERROR;
				CLANG_WARN_DOCUMENTATION_COMMENTS = YES;
				CLANG_WARN_EMPTY_BODY = YES;
				CLANG_WARN_ENUM_CONVERSION = YES;
				CLANG_WARN_INFINITE_RECURSION = YES;
				CLANG_WARN_INT_CONVERSION = YES;
				CLANG_WARN_NON_LITERAL_NULL_CONVERSION = YES;
				CLANG_WARN_OBJC_IMPLICIT_RETAIN_SELF = YES;
				CLANG_WARN_OBJC_LITERAL_CONVERSION = YES;
				CLANG_WARN_OBJC_ROOT_CLASS = YES_ERROR;
				CLANG_WARN_QUOTED_INCLUDE_IN_FRAMEWORK_HEADER = YES;
				CLANG_WARN_RANGE_LOOP_ANALYSIS = YES;
				CLANG_WARN_STRICT_PROTOTYPES = YES;
				CLANG_WARN_SUSPICIOUS_MOVE = YES;
				CLANG_WARN_UNGUARDED_AVAILABILITY = YES_AGGRESSIVE;
				CLANG_WARN_UNREACHABLE_CODE = YES;
				CLANG_WARN__DUPLICATE_METHOD_MATCH = YES;
				COPY_PHASE_STRIP = NO;
				DEBUG_INFORMATION_FORMAT = "dwarf-with-dsym";
				ENABLE_NS_ASSERTIONS = NO;
				ENABLE_STRICT_OBJC_MSGSEND = YES;
				GCC_C_LANGUAGE_STANDARD = gnu11;
				GCC_NO_COMMON_BLOCKS = YES;
				GCC_WARN_64_TO_32_BIT_CONVERSION = YES;
				GCC_WARN_ABOUT_RETURN_TYPE = YES_ERROR;
				GCC_WARN_UNDECLARED_SELECTOR = YES;
				GCC_WARN_UNINITIALIZED_AUTOS = YES_AGGRESSIVE;
				GCC_WARN_UNUSED_FUNCTION = YES;
				GCC_WARN_UNUSED_VARIABLE = YES;
				IPHONEOS_DEPLOYMENT_TARGET = 16.4;
				MTL_ENABLE_DEBUG_INFO = NO;
				MTL_FAST_MATH = YES;
				SDKROOT = iphoneos;
				SWIFT_COMPILATION_MODE = wholemodule;
				SWIFT_OPTIMIZATION_LEVEL = "-O";
				VALIDATE_PRODUCT = YES;
			};
			name = Release;
		};
		8D1AEFAB2A658E68008D951A /* Debug */ = {
			isa = XCBuildConfiguration;
			buildSettings = {
				ASSETCATALOG_COMPILER_APPICON_NAME = AppIcon;
				ASSETCATALOG_COMPILER_GLOBAL_ACCENT_COLOR_NAME = AccentColor;
				CODE_SIGN_STYLE = Automatic;
				CURRENT_PROJECT_VERSION = 1;
				DEVELOPMENT_ASSET_PATHS = "\"Scrumdinger/Preview Content\"";
				ENABLE_PREVIEWS = YES;
				GENERATE_INFOPLIST_FILE = YES;
				INFOPLIST_KEY_UIApplicationSceneManifest_Generation = YES;
				INFOPLIST_KEY_UIApplicationSupportsIndirectInputEvents = YES;
				INFOPLIST_KEY_UILaunchScreen_Generation = YES;
				INFOPLIST_KEY_UISupportedInterfaceOrientations_iPad = "UIInterfaceOrientationPortrait UIInterfaceOrientationPortraitUpsideDown UIInterfaceOrientationLandscapeLeft UIInterfaceOrientationLandscapeRight";
				INFOPLIST_KEY_UISupportedInterfaceOrientations_iPhone = "UIInterfaceOrientationPortrait UIInterfaceOrientationLandscapeLeft UIInterfaceOrientationLandscapeRight";
				LD_RUNPATH_SEARCH_PATHS = (
					"$(inherited)",
					"@executable_path/Frameworks",
				);
				MARKETING_VERSION = 1.0;
				PRODUCT_BUNDLE_IDENTIFIER = agc.testing.Scrumdinger;
				PRODUCT_NAME = "$(TARGET_NAME)";
				SWIFT_EMIT_LOC_STRINGS = YES;
				SWIFT_VERSION = 5.0;
				TARGETED_DEVICE_FAMILY = "1,2";
			};
			name = Debug;
		};
		8D1AEFAC2A658E68008D951A /* Release */ = {
			isa = XCBuildConfiguration;
			buildSettings = {
				ASSETCATALOG_COMPILER_APPICON_NAME = AppIcon;
				ASSETCATALOG_COMPILER_GLOBAL_ACCENT_COLOR_NAME = AccentColor;
				CODE_SIGN_STYLE = Automatic;
				CURRENT_PROJECT_VERSION = 1;
				DEVELOPMENT_ASSET_PATHS = "\"Scrumdinger/Preview Content\"";
				ENABLE_PREVIEWS = YES;
				GENERATE_INFOPLIST_FILE = YES;
				INFOPLIST_KEY_UIApplicationSceneManifest_Generation = YES;
				INFOPLIST_KEY_UIApplicationSupportsIndirectInputEvents = YES;
				INFOPLIST_KEY_UILaunchScreen_Generation = YES;
				INFOPLIST_KEY_UISupportedInterfaceOrientations_iPad = "UIInterfaceOrientationPortrait UIInterfaceOrientationPortraitUpsideDown UIInterfaceOrientationLandscapeLeft UIInterfaceOrientationLandscapeRight";
				INFOPLIST_KEY_UISupportedInterfaceOrientations_iPhone = "UIInterfaceOrientationPortrait UIInterfaceOrientationLandscapeLeft UIInterfaceOrientationLandscapeRight";
				LD_RUNPATH_SEARCH_PATHS = (
					"$(inherited)",
					"@executable_path/Frameworks",
				);
				MARKETING_VERSION = 1.0;
				PRODUCT_BUNDLE_IDENTIFIER = agc.testing.Scrumdinger;
				PRODUCT_NAME = "$(TARGET_NAME)";
				SWIFT_EMIT_LOC_STRINGS = YES;
				SWIFT_VERSION = 5.0;
				TARGETED_DEVICE_FAMILY = "1,2";
			};
			name = Release;
		};
		8D1AEFAE2A658E68008D951A /* Debug */ = {
			isa = XCBuildConfiguration;
			buildSettings = {
				ALWAYS_EMBED_SWIFT_STANDARD_LIBRARIES = YES;
				BUNDLE_LOADER = "$(TEST_HOST)";
				CODE_SIGN_STYLE = Automatic;
				CURRENT_PROJECT_VERSION = 1;
				GENERATE_INFOPLIST_FILE = YES;
				IPHONEOS_DEPLOYMENT_TARGET = 16.4;
				MARKETING_VERSION = 1.0;
				PRODUCT_BUNDLE_IDENTIFIER = agc.testing.ScrumdingerTests;
				PRODUCT_NAME = "$(TARGET_NAME)";
				SWIFT_EMIT_LOC_STRINGS = NO;
				SWIFT_VERSION = 5.0;
				TARGETED_DEVICE_FAMILY = "1,2";
				TEST_HOST = "$(BUILT_PRODUCTS_DIR)/Scrumdinger.app/$(BUNDLE_EXECUTABLE_FOLDER_PATH)/Scrumdinger";
			};
			name = Debug;
		};
		8D1AEFAF2A658E68008D951A /* Release */ = {
			isa = XCBuildConfiguration;
			buildSettings = {
				ALWAYS_EMBED_SWIFT_STANDARD_LIBRARIES = YES;
				BUNDLE_LOADER = "$(TEST_HOST)";
				CODE_SIGN_STYLE = Automatic;
				CURRENT_PROJECT_VERSION = 1;
				GENERATE_INFOPLIST_FILE = YES;
				IPHONEOS_DEPLOYMENT_TARGET = 16.4;
				MARKETING_VERSION = 1.0;
				PRODUCT_BUNDLE_IDENTIFIER = agc.testing.ScrumdingerTests;
				PRODUCT_NAME = "$(TARGET_NAME)";
				SWIFT_EMIT_LOC_STRINGS = NO;
				SWIFT_VERSION = 5.0;
				TARGETED_DEVICE_FAMILY = "1,2";
				TEST_HOST = "$(BUILT_PRODUCTS_DIR)/Scrumdinger.app/$(BUNDLE_EXECUTABLE_FOLDER_PATH)/Scrumdinger";
			};
			name = Release;
		};
		8D1AEFB12A658E68008D951A /* Debug */ = {
			isa = XCBuildConfiguration;
			buildSettings = {
				ALWAYS_EMBED_SWIFT_STANDARD_LIBRARIES = YES;
				CODE_SIGN_STYLE = Automatic;
				CURRENT_PROJECT_VERSION = 1;
				GENERATE_INFOPLIST_FILE = YES;
				MARKETING_VERSION = 1.0;
				PRODUCT_BUNDLE_IDENTIFIER = agc.testing.ScrumdingerUITests;
				PRODUCT_NAME = "$(TARGET_NAME)";
				SWIFT_EMIT_LOC_STRINGS = NO;
				SWIFT_VERSION = 5.0;
				TARGETED_DEVICE_FAMILY = "1,2";
				TEST_TARGET_NAME = Scrumdinger;
			};
			name = Debug;
		};
		8D1AEFB22A658E68008D951A /* Release */ = {
			isa = XCBuildConfiguration;
			buildSettings = {
				ALWAYS_EMBED_SWIFT_STANDARD_LIBRARIES = YES;
				CODE_SIGN_STYLE = Automatic;
				CURRENT_PROJECT_VERSION = 1;
				GENERATE_INFOPLIST_FILE = YES;
				MARKETING_VERSION = 1.0;
				PRODUCT_BUNDLE_IDENTIFIER = agc.testing.ScrumdingerUITests;
				PRODUCT_NAME = "$(TARGET_NAME)";
				SWIFT_EMIT_LOC_STRINGS = NO;
				SWIFT_VERSION = 5.0;
				TARGETED_DEVICE_FAMILY = "1,2";
				TEST_TARGET_NAME = Scrumdinger;
			};
			name = Release;
		};
/* End XCBuildConfiguration section */

/* Begin XCConfigurationList section */
		8D1AEF812A658E67008D951A /* Build configuration list for PBXProject "Scrumdinger" */ = {
			isa = XCConfigurationList;
			buildConfigurations = (
				8D1AEFA82A658E68008D951A /* Debug */,
				8D1AEFA92A658E68008D951A /* Release */,
			);
			defaultConfigurationIsVisible = 0;
			defaultConfigurationName = Release;
		};
		8D1AEFAA2A658E68008D951A /* Build configuration list for PBXNativeTarget "Scrumdinger" */ = {
			isa = XCConfigurationList;
			buildConfigurations = (
				8D1AEFAB2A658E68008D951A /* Debug */,
				8D1AEFAC2A658E68008D951A /* Release */,
			);
			defaultConfigurationIsVisible = 0;
			defaultConfigurationName = Release;
		};
		8D1AEFAD2A658E68008D951A /* Build configuration list for PBXNativeTarget "ScrumdingerTests" */ = {
			isa = XCConfigurationList;
			buildConfigurations = (
				8D1AEFAE2A658E68008D951A /* Debug */,
				8D1AEFAF2A658E68008D951A /* Release */,
			);
			defaultConfigurationIsVisible = 0;
			defaultConfigurationName = Release;
		};
		8D1AEFB02A658E68008D951A /* Build configuration list for PBXNativeTarget "ScrumdingerUITests" */ = {
			isa = XCConfigurationList;
			buildConfigurations = (
				8D1AEFB12A658E68008D951A /* Debug */,
				8D1AEFB22A658E68008D951A /* Release */,
			);
			defaultConfigurationIsVisible = 0;
			defaultConfigurationName = Release;
		};
/* End XCConfigurationList section */
	};
	rootObject = 8D1AEF7E2A658E67008D951A /* Project object */;
}
